
Microsoft Visual Studio Solution File, Format Version 12.00
# Visual Studio Version 17
VisualStudioVersion = 17.5.002.0
MinimumVisualStudioVersion = 10.0.40219.1
Project("{9A19103F-16F7-4668-BE54-9A1E7A4F7556}") = "Challenge 2", "Challenge 2.csproj", "{67B0A964-37C3-4F02-A105-59F9286E328D}"
EndProject
Global
	GlobalSection(SolutionConfigurationPlatforms) = preSolution
		Debug|Any CPU = Debug|Any CPU
		Release|Any CPU = Release|Any CPU
	EndGlobalSection
	GlobalSection(ProjectConfigurationPlatforms) = postSolution
		{67B0A964-37C3-4F02-A105-59F9286E328D}.Debug|Any CPU.ActiveCfg = Debug|Any CPU
		{67B0A964-37C3-4F02-A105-59F9286E328D}.Debug|Any CPU.Build.0 = Debug|Any CPU
		{67B0A964-37C3-4F02-A105-59F9286E328D}.Release|Any CPU.ActiveCfg = Release|Any CPU
		{67B0A964-37C3-4F02-A105-59F9286E328D}.Release|Any CPU.Build.0 = Release|Any CPU
	EndGlobalSection
	GlobalSection(SolutionProperties) = preSolution
		HideSolutionNode = FALSE
	EndGlobalSection
	GlobalSection(ExtensibilityGlobals) = postSolution
		SolutionGuid = {146842A3-2158-4A47-9764-CC3B5AA16E4A}
	EndGlobalSection
EndGlobal
